{
  "version": 4,
  "terraform_version": "0.12.24",
  "serial": 4,
  "lineage": "21505d8b-4773-0de4-a5b1-28a8152848c3",
  "outputs": {},
  "resources": [
    {
      "mode": "data",
      "type": "aws_iam_policy_document",
      "name": "ben-test-queue-policy",
      "provider": "provider.aws",
      "instances": [
        {
          "schema_version": 0,
          "attributes": {
            "id": "2970684163",
            "json": "{\n  \"Version\": \"2012-10-17\",\n  \"Statement\": [\n    {\n      \"Sid\": \"\",\n      \"Effect\": \"Allow\",\n      \"Action\": \"SNS:*\",\n      \"Resource\": \"arn:aws:sqs:us-east-1:703347463263:ben-test-b-queue\"\n    }\n  ]\n}",
            "override_json": null,
            "policy_id": null,
            "source_json": null,
            "statement": [
              {
                "actions": [
                  "SNS:*"
                ],
                "condition": [],
                "effect": "Allow",
                "not_actions": [],
                "not_principals": [],
                "not_resources": [],
                "principals": [],
                "resources": [
                  "arn:aws:sqs:us-east-1:703347463263:ben-test-b-queue"
                ],
                "sid": ""
              }
            ],
            "version": "2012-10-17"
          }
        }
      ]
    },
    {
      "mode": "managed",
      "type": "aws_sns_topic",
      "name": "ben_test_topic",
      "provider": "provider.aws",
      "instances": [
        {
          "schema_version": 0,
          "attributes": {
            "application_failure_feedback_role_arn": "",
            "application_success_feedback_role_arn": "",
            "application_success_feedback_sample_rate": null,
            "arn": "arn:aws:sns:us-east-1:703347463263:ben-test-topic",
            "delivery_policy": "",
            "display_name": "",
            "http_failure_feedback_role_arn": "",
            "http_success_feedback_role_arn": "",
            "http_success_feedback_sample_rate": null,
            "id": "arn:aws:sns:us-east-1:703347463263:ben-test-topic",
            "kms_master_key_id": "",
            "lambda_failure_feedback_role_arn": "",
            "lambda_success_feedback_role_arn": "",
            "lambda_success_feedback_sample_rate": null,
            "name": "ben-test-topic",
            "name_prefix": null,
            "policy": "{\"Statement\":[{\"Action\":\"SNS:*\",\"Effect\":\"Allow\",\"Resource\":\"arn:aws:sqs:us-east-1:703347463263:ben-test-b-queue\",\"Sid\":\"\"}],\"Version\":\"2012-10-17\"}",
            "sqs_failure_feedback_role_arn": "",
            "sqs_success_feedback_role_arn": "",
            "sqs_success_feedback_sample_rate": null,
            "tags": {}
          },
          "private": "bnVsbA=="
        }
      ]
    }
  ]
}
